
Microsoft Visual Studio Solution File, Format Version 12.00
# Visual Studio Version 17
VisualStudioVersion = 17.14.36705.20 d17.14
MinimumVisualStudioVersion = 10.0.40219.1
Project("{FAE04EC0-301F-11D3-BF4B-00C04F79EFBC}") = "leetcode discord bot", "leetcode discord bot\leetcode discord bot.csproj", "{58AB1BE8-69EA-4D55-9119-377250D1B895}"
EndProject
Global
	GlobalSection(SolutionConfigurationPlatforms) = preSolution
		Debug|Any CPU = Debug|Any CPU
		Release|Any CPU = Release|Any CPU
	EndGlobalSection
	GlobalSection(ProjectConfigurationPlatforms) = postSolution
		{58AB1BE8-69EA-4D55-9119-377250D1B895}.Debug|Any CPU.ActiveCfg = Debug|Any CPU
		{58AB1BE8-69EA-4D55-9119-377250D1B895}.Debug|Any CPU.Build.0 = Debug|Any CPU
		{58AB1BE8-69EA-4D55-9119-377250D1B895}.Release|Any CPU.ActiveCfg = Release|Any CPU
		{58AB1BE8-69EA-4D55-9119-377250D1B895}.Release|Any CPU.Build.0 = Release|Any CPU
	EndGlobalSection
	GlobalSection(SolutionProperties) = preSolution
		HideSolutionNode = FALSE
	EndGlobalSection
	GlobalSection(ExtensibilityGlobals) = postSolution
		SolutionGuid = {8E145F52-3F0E-4AD3-A1D9-8818222C8E98}
	EndGlobalSection
EndGlobal
